
Microsoft Visual Studio Solution File, Format Version 12.00
# Visual Studio Version 17
VisualStudioVersion = 17.8.34330.188
MinimumVisualStudioVersion = 10.0.40219.1
Project("{FAE04EC0-301F-11D3-BF4B-00C04F79EFBC}") = "CadastroBack", "CadastroBack\CadastroBack.csproj", "{20F387C2-F8D7-49DE-BCCB-3E189C4023B0}"
EndProject
Global
	GlobalSection(SolutionConfigurationPlatforms) = preSolution
		Debug|Any CPU = Debug|Any CPU
		Release|Any CPU = Release|Any CPU
	EndGlobalSection
	GlobalSection(ProjectConfigurationPlatforms) = postSolution
		{20F387C2-F8D7-49DE-BCCB-3E189C4023B0}.Debug|Any CPU.ActiveCfg = Debug|Any CPU
		{20F387C2-F8D7-49DE-BCCB-3E189C4023B0}.Debug|Any CPU.Build.0 = Debug|Any CPU
		{20F387C2-F8D7-49DE-BCCB-3E189C4023B0}.Release|Any CPU.ActiveCfg = Release|Any CPU
		{20F387C2-F8D7-49DE-BCCB-3E189C4023B0}.Release|Any CPU.Build.0 = Release|Any CPU
	EndGlobalSection
	GlobalSection(SolutionProperties) = preSolution
		HideSolutionNode = FALSE
	EndGlobalSection
	GlobalSection(ExtensibilityGlobals) = postSolution
		SolutionGuid = {AE62BA00-84D6-4F9A-AD47-6C961C937482}
	EndGlobalSection
EndGlobal
